<?xml version="1.0" encoding="utf-8"?>
<Project ToolsVersion="4.0" xmlns="http://schemas.microsoft.com/developer/msbuild/2003">
  <ItemGroup>
    <Filter Include="源文件">
      <UniqueIdentifier>{4FC737F1-C7A5-4376-A066-2A32D752A2FF}</UniqueIdentifier>
      <Extensions>cpp;c;cc;cxx;def;odl;idl;hpj;bat;asm;asmx</Extensions>
    </Filter>
    <Filter Include="头文件">
      <UniqueIdentifier>{93995380-89BD-4b04-88EB-625FBE52EBFB}</UniqueIdentifier>
      <Extensions>h;hh;hpp;hxx;hm;inl;inc;ipp;xsd</Extensions>
    </Filter>
    <Filter Include="资源文件">
      <UniqueIdentifier>{67DA6AB6-F800-4c08-8B7A-83BB121AAD01}</UniqueIdentifier>
      <Extensions>rc;ico;cur;bmp;dlg;rc2;rct;bin;rgs;gif;jpg;jpeg;jpe;resx;tiff;tif;png;wav;mfcribbon-ms</Extensions>
    </Filter>
    <Filter Include="源文件\CplusplusPrimer">
      <UniqueIdentifier>{1cc036e3-ed57-4b21-8f7b-2627eaa78f5c}</UniqueIdentifier>
    </Filter>
    <Filter Include="头文件\CplusplusPrimer">
      <UniqueIdentifier>{0bbebe77-1076-4c49-9a6b-36b1ae1270c0}</UniqueIdentifier>
    </Filter>
    <Filter Include="头文件\rapidjson">
      <UniqueIdentifier>{1196137b-b20d-4433-930c-05251c4b2578}</UniqueIdentifier>
    </Filter>
  </ItemGroup>
  <ItemGroup>
    <ClInclude Include="stdafx.h">
      <Filter>头文件</Filter>
    </ClInclude>
    <ClInclude Include="targetver.h">
      <Filter>头文件</Filter>
    </ClInclude>
    <ClInclude Include="Common.h">
      <Filter>头文件</Filter>
    </ClInclude>
    <ClInclude Include="BarcodeStatisticsRecorder.h">
      <Filter>头文件</Filter>
    </ClInclude>
    <ClInclude Include="logger\logger.h">
      <Filter>头文件</Filter>
    </ClInclude>
    <ClInclude Include="savings.h">
      <Filter>头文件\CplusplusPrimer</Filter>
    </ClInclude>
    <ClInclude Include="rapidjson\document.h">
      <Filter>头文件\rapidjson</Filter>
    </ClInclude>
    <ClInclude Include="rapidjson\istreamwrapper.h">
      <Filter>头文件\rapidjson</Filter>
    </ClInclude>
    <ClInclude Include="rapidjson\stringbuffer.h">
      <Filter>头文件\rapidjson</Filter>
    </ClInclude>
    <ClInclude Include="rapidjson\writer.h">
      <Filter>头文件\rapidjson</Filter>
    </ClInclude>
  </ItemGroup>
  <ItemGroup>
    <ClCompile Include="stdafx.cpp">
      <Filter>源文件</Filter>
    </ClCompile>
    <ClCompile Include="Function_notes.cpp">
      <Filter>源文件</Filter>
    </ClCompile>
    <ClCompile Include="GetCurrentTimeString.cpp">
      <Filter>源文件</Filter>
    </ClCompile>
    <ClCompile Include="CreateOutputFileDir.cpp">
      <Filter>源文件</Filter>
    </ClCompile>
    <ClCompile Include="GetAllCsvFileFromPath.cpp">
      <Filter>源文件</Filter>
    </ClCompile>
    <ClCompile Include="GetSuffix.cpp">
      <Filter>源文件</Filter>
    </ClCompile>
    <ClCompile Include="ListFiles.cpp">
      <Filter>源文件</Filter>
    </ClCompile>
    <ClCompile Include="ReplaceAllDistinct.cpp">
      <Filter>源文件</Filter>
    </ClCompile>
    <ClCompile Include="PrintCompareCSVcpp.cpp">
      <Filter>源文件</Filter>
    </ClCompile>
    <ClCompile Include="FindLicense.cpp">
      <Filter>源文件</Filter>
    </ClCompile>
    <ClCompile Include="IfstreamJson.cpp">
      <Filter>源文件</Filter>
    </ClCompile>
    <ClCompile Include="logger\logger.cpp">
      <Filter>源文件</Filter>
    </ClCompile>
    <ClCompile Include="ToHexString.cpp">
      <Filter>源文件</Filter>
    </ClCompile>
    <ClCompile Include="BinaryTree_Sequence.cpp">
      <Filter>源文件</Filter>
    </ClCompile>
    <ClCompile Include="savings.cpp">
      <Filter>源文件\CplusplusPrimer</Filter>
    </ClCompile>
    <ClCompile Include="HeapImplementation.cpp">
      <Filter>源文件</Filter>
    </ClCompile>
  </ItemGroup>
</Project>